// !$*UTF8*$!
{
	archiveVersion = 1;
	classes = {
	};
	objectVersion = 77;
	objects = {

/* Begin PBXBuildFile section */
		3D07864F2D26FDB700FD7BAA /* APIService in Frameworks */ = {isa = PBXBuildFile; productRef = 3D07864E2D26FDB700FD7BAA /* APIService */; };
		3D289C962D26CAC40042ACD7 /* Locs in Frameworks */ = {isa = PBXBuildFile; productRef = 3D289C952D26CAC40042ACD7 /* Locs */; };
		3D9103A52D201A8B009A3EE2 /* Style in Frameworks */ = {isa = PBXBuildFile; productRef = 3D9103A42D201A8B009A3EE2 /* Style */; };
		3D9103A72D209808009A3EE2 /* Organisms in Frameworks */ = {isa = PBXBuildFile; productRef = 3D9103A62D209808009A3EE2 /* Organisms */; };
		3D9103A92D20981A009A3EE2 /* Atoms in Frameworks */ = {isa = PBXBuildFile; productRef = 3D9103A82D20981A009A3EE2 /* Atoms */; };
		3D9103AB2D21A13B009A3EE2 /* Molecules in Frameworks */ = {isa = PBXBuildFile; productRef = 3D9103AA2D21A13B009A3EE2 /* Molecules */; };
		3D9103AD2D21A140009A3EE2 /* Templates in Frameworks */ = {isa = PBXBuildFile; productRef = 3D9103AC2D21A140009A3EE2 /* Templates */; };
		3DAF9AD72D23DC3D00D5651A /* RickAndMortyAPIService in Frameworks */ = {isa = PBXBuildFile; productRef = 3DAF9AD62D23DC3D00D5651A /* RickAndMortyAPIService */; };
		3DAF9AF62D25EF4900D5651A /* DatabaseService in Frameworks */ = {isa = PBXBuildFile; productRef = 3DAF9AF52D25EF4900D5651A /* DatabaseService */; };
/* End PBXBuildFile section */

/* Begin PBXContainerItemProxy section */
		3D5239B72D1F019600544DD4 /* PBXContainerItemProxy */ = {
			isa = PBXContainerItemProxy;
			containerPortal = 3D52399C2D1F019400544DD4 /* Project object */;
			proxyType = 1;
			remoteGlobalIDString = 3D5239A32D1F019400544DD4;
			remoteInfo = RickAndMorty;
		};
		3D5239C12D1F019600544DD4 /* PBXContainerItemProxy */ = {
			isa = PBXContainerItemProxy;
			containerPortal = 3D52399C2D1F019400544DD4 /* Project object */;
			proxyType = 1;
			remoteGlobalIDString = 3D5239A32D1F019400544DD4;
			remoteInfo = RickAndMorty;
		};
/* End PBXContainerItemProxy section */

/* Begin PBXFileReference section */
		3D289C8F2D269F5C0042ACD7 /* README.md */ = {isa = PBXFileReference; lastKnownFileType = net.daringfireball.markdown; path = README.md; sourceTree = "<group>"; };
		3D5239A42D1F019400544DD4 /* RickAndMorty.app */ = {isa = PBXFileReference; explicitFileType = wrapper.application; includeInIndex = 0; path = RickAndMorty.app; sourceTree = BUILT_PRODUCTS_DIR; };
		3D5239B62D1F019600544DD4 /* RickAndMortyTests.xctest */ = {isa = PBXFileReference; explicitFileType = wrapper.cfbundle; includeInIndex = 0; path = RickAndMortyTests.xctest; sourceTree = BUILT_PRODUCTS_DIR; };
		3D5239C02D1F019600544DD4 /* RickAndMortyUITests.xctest */ = {isa = PBXFileReference; explicitFileType = wrapper.cfbundle; includeInIndex = 0; path = RickAndMortyUITests.xctest; sourceTree = BUILT_PRODUCTS_DIR; };
		3D9103AE2D21C53C009A3EE2 /* DTO */ = {isa = PBXFileReference; lastKnownFileType = wrapper; path = DTO; sourceTree = "<group>"; };
		3D9103B02D21D252009A3EE2 /* RickAndMorty.xctestplan */ = {isa = PBXFileReference; lastKnownFileType = text; path = RickAndMorty.xctestplan; sourceTree = "<group>"; };
		3D9103B12D21D65E009A3EE2 /* Models */ = {isa = PBXFileReference; lastKnownFileType = wrapper; path = Models; sourceTree = "<group>"; };
		3D9103B22D21D798009A3EE2 /* Utils */ = {isa = PBXFileReference; lastKnownFileType = wrapper; path = Utils; sourceTree = "<group>"; };
/* End PBXFileReference section */

/* Begin PBXFileSystemSynchronizedBuildFileExceptionSet section */
		3D91039E2D1F06A0009A3EE2 /* Exceptions for "RickAndMorty" folder in "RickAndMorty" target */ = {
			isa = PBXFileSystemSynchronizedBuildFileExceptionSet;
			membershipExceptions = (
				Components/Atoms,
				Components/Molecules,
				Components/Organisms,
				Components/Style,
				Components/Templates,
			);
			target = 3D5239A32D1F019400544DD4 /* RickAndMorty */;
		};
/* End PBXFileSystemSynchronizedBuildFileExceptionSet section */

/* Begin PBXFileSystemSynchronizedRootGroup section */
		3D5239A62D1F019400544DD4 /* RickAndMorty */ = {
			isa = PBXFileSystemSynchronizedRootGroup;
			exceptions = (
				3D91039E2D1F06A0009A3EE2 /* Exceptions for "RickAndMorty" folder in "RickAndMorty" target */,
			);
			path = RickAndMorty;
			sourceTree = "<group>";
		};
		3D5239B92D1F019600544DD4 /* RickAndMortyTests */ = {
			isa = PBXFileSystemSynchronizedRootGroup;
			path = RickAndMortyTests;
			sourceTree = "<group>";
		};
		3D5239C32D1F019600544DD4 /* RickAndMortyUITests */ = {
			isa = PBXFileSystemSynchronizedRootGroup;
			path = RickAndMortyUITests;
			sourceTree = "<group>";
		};
		3DAF9AF32D25A7D400D5651A /* Services */ = {
			isa = PBXFileSystemSynchronizedRootGroup;
			path = Services;
			sourceTree = "<group>";
		};
/* End PBXFileSystemSynchronizedRootGroup section */

/* Begin PBXFrameworksBuildPhase section */
		3D5239A12D1F019400544DD4 /* Frameworks */ = {
			isa = PBXFrameworksBuildPhase;
			buildActionMask = 2147483647;
			files = (
				3D9103A92D20981A009A3EE2 /* Atoms in Frameworks */,
				3D9103AD2D21A140009A3EE2 /* Templates in Frameworks */,
				3D07864F2D26FDB700FD7BAA /* APIService in Frameworks */,
				3DAF9AD72D23DC3D00D5651A /* RickAndMortyAPIService in Frameworks */,
				3D9103A72D209808009A3EE2 /* Organisms in Frameworks */,
				3D9103AB2D21A13B009A3EE2 /* Molecules in Frameworks */,
				3D289C962D26CAC40042ACD7 /* Locs in Frameworks */,
				3D9103A52D201A8B009A3EE2 /* Style in Frameworks */,
				3DAF9AF62D25EF4900D5651A /* DatabaseService in Frameworks */,
			);
			runOnlyForDeploymentPostprocessing = 0;
		};
		3D5239B32D1F019600544DD4 /* Frameworks */ = {
			isa = PBXFrameworksBuildPhase;
			buildActionMask = 2147483647;
			files = (
			);
			runOnlyForDeploymentPostprocessing = 0;
		};
		3D5239BD2D1F019600544DD4 /* Frameworks */ = {
			isa = PBXFrameworksBuildPhase;
			buildActionMask = 2147483647;
			files = (
			);
			runOnlyForDeploymentPostprocessing = 0;
		};
/* End PBXFrameworksBuildPhase section */

/* Begin PBXGroup section */
		3D52399B2D1F019400544DD4 = {
			isa = PBXGroup;
			children = (
				3DAF9AF32D25A7D400D5651A /* Services */,
				3D9103B22D21D798009A3EE2 /* Utils */,
				3D9103B12D21D65E009A3EE2 /* Models */,
				3D9103AE2D21C53C009A3EE2 /* DTO */,
				3D9103B02D21D252009A3EE2 /* RickAndMorty.xctestplan */,
				3D5239A62D1F019400544DD4 /* RickAndMorty */,
				3D5239B92D1F019600544DD4 /* RickAndMortyTests */,
				3D5239C32D1F019600544DD4 /* RickAndMortyUITests */,
				3D9103A32D201A8B009A3EE2 /* Frameworks */,
				3D5239A52D1F019400544DD4 /* Products */,
				3D289C8F2D269F5C0042ACD7 /* README.md */,
			);
			sourceTree = "<group>";
		};
		3D5239A52D1F019400544DD4 /* Products */ = {
			isa = PBXGroup;
			children = (
				3D5239A42D1F019400544DD4 /* RickAndMorty.app */,
				3D5239B62D1F019600544DD4 /* RickAndMortyTests.xctest */,
				3D5239C02D1F019600544DD4 /* RickAndMortyUITests.xctest */,
			);
			name = Products;
			sourceTree = "<group>";
		};
		3D9103A32D201A8B009A3EE2 /* Frameworks */ = {
			isa = PBXGroup;
			children = (
			);
			name = Frameworks;
			sourceTree = "<group>";
		};
/* End PBXGroup section */

/* Begin PBXNativeTarget section */
		3D5239A32D1F019400544DD4 /* RickAndMorty */ = {
			isa = PBXNativeTarget;
			buildConfigurationList = 3D5239CA2D1F019600544DD4 /* Build configuration list for PBXNativeTarget "RickAndMorty" */;
			buildPhases = (
				3D289C982D26E1460042ACD7 /* Swiftlint */,
				3D5239A02D1F019400544DD4 /* Sources */,
				3D5239A12D1F019400544DD4 /* Frameworks */,
				3D5239A22D1F019400544DD4 /* Resources */,
			);
			buildRules = (
			);
			dependencies = (
			);
			fileSystemSynchronizedGroups = (
				3D5239A62D1F019400544DD4 /* RickAndMorty */,
			);
			name = RickAndMorty;
			packageProductDependencies = (
				3D9103A42D201A8B009A3EE2 /* Style */,
				3D9103A62D209808009A3EE2 /* Organisms */,
				3D9103A82D20981A009A3EE2 /* Atoms */,
				3D9103AA2D21A13B009A3EE2 /* Molecules */,
				3D9103AC2D21A140009A3EE2 /* Templates */,
				3DAF9AD62D23DC3D00D5651A /* RickAndMortyAPIService */,
				3DAF9AF52D25EF4900D5651A /* DatabaseService */,
				3D289C952D26CAC40042ACD7 /* Locs */,
				3D07864E2D26FDB700FD7BAA /* APIService */,
			);
			productName = RickAndMorty;
			productReference = 3D5239A42D1F019400544DD4 /* RickAndMorty.app */;
			productType = "com.apple.product-type.application";
		};
		3D5239B52D1F019600544DD4 /* RickAndMortyTests */ = {
			isa = PBXNativeTarget;
			buildConfigurationList = 3D5239CD2D1F019600544DD4 /* Build configuration list for PBXNativeTarget "RickAndMortyTests" */;
			buildPhases = (
				3D5239B22D1F019600544DD4 /* Sources */,
				3D5239B32D1F019600544DD4 /* Frameworks */,
				3D5239B42D1F019600544DD4 /* Resources */,
			);
			buildRules = (
			);
			dependencies = (
				3D5239B82D1F019600544DD4 /* PBXTargetDependency */,
			);
			fileSystemSynchronizedGroups = (
				3D5239B92D1F019600544DD4 /* RickAndMortyTests */,
			);
			name = RickAndMortyTests;
			packageProductDependencies = (
			);
			productName = RickAndMortyTests;
			productReference = 3D5239B62D1F019600544DD4 /* RickAndMortyTests.xctest */;
			productType = "com.apple.product-type.bundle.unit-test";
		};
		3D5239BF2D1F019600544DD4 /* RickAndMortyUITests */ = {
			isa = PBXNativeTarget;
			buildConfigurationList = 3D5239D02D1F019600544DD4 /* Build configuration list for PBXNativeTarget "RickAndMortyUITests" */;
			buildPhases = (
				3D5239BC2D1F019600544DD4 /* Sources */,
				3D5239BD2D1F019600544DD4 /* Frameworks */,
				3D5239BE2D1F019600544DD4 /* Resources */,
			);
			buildRules = (
			);
			dependencies = (
				3D5239C22D1F019600544DD4 /* PBXTargetDependency */,
			);
			fileSystemSynchronizedGroups = (
				3D5239C32D1F019600544DD4 /* RickAndMortyUITests */,
			);
			name = RickAndMortyUITests;
			packageProductDependencies = (
			);
			productName = RickAndMortyUITests;
			productReference = 3D5239C02D1F019600544DD4 /* RickAndMortyUITests.xctest */;
			productType = "com.apple.product-type.bundle.ui-testing";
		};
/* End PBXNativeTarget section */

/* Begin PBXProject section */
		3D52399C2D1F019400544DD4 /* Project object */ = {
			isa = PBXProject;
			attributes = {
				BuildIndependentTargetsInParallel = 1;
				LastSwiftUpdateCheck = 1620;
				LastUpgradeCheck = 1620;
				TargetAttributes = {
					3D5239A32D1F019400544DD4 = {
						CreatedOnToolsVersion = 16.2;
					};
					3D5239B52D1F019600544DD4 = {
						CreatedOnToolsVersion = 16.2;
						TestTargetID = 3D5239A32D1F019400544DD4;
					};
					3D5239BF2D1F019600544DD4 = {
						CreatedOnToolsVersion = 16.2;
						TestTargetID = 3D5239A32D1F019400544DD4;
					};
				};
			};
			buildConfigurationList = 3D52399F2D1F019400544DD4 /* Build configuration list for PBXProject "RickAndMorty" */;
			developmentRegion = en;
			hasScannedForEncodings = 0;
			knownRegions = (
				en,
				Base,
			);
			mainGroup = 3D52399B2D1F019400544DD4;
			minimizedProjectReferenceProxies = 1;
			preferredProjectObjectVersion = 77;
			productRefGroup = 3D5239A52D1F019400544DD4 /* Products */;
			projectDirPath = "";
			projectRoot = "";
			targets = (
				3D5239A32D1F019400544DD4 /* RickAndMorty */,
				3D5239B52D1F019600544DD4 /* RickAndMortyTests */,
				3D5239BF2D1F019600544DD4 /* RickAndMortyUITests */,
			);
		};
/* End PBXProject section */

/* Begin PBXResourcesBuildPhase section */
		3D5239A22D1F019400544DD4 /* Resources */ = {
			isa = PBXResourcesBuildPhase;
			buildActionMask = 2147483647;
			files = (
			);
			runOnlyForDeploymentPostprocessing = 0;
		};
		3D5239B42D1F019600544DD4 /* Resources */ = {
			isa = PBXResourcesBuildPhase;
			buildActionMask = 2147483647;
			files = (
			);
			runOnlyForDeploymentPostprocessing = 0;
		};
		3D5239BE2D1F019600544DD4 /* Resources */ = {
			isa = PBXResourcesBuildPhase;
			buildActionMask = 2147483647;
			files = (
			);
			runOnlyForDeploymentPostprocessing = 0;
		};
/* End PBXResourcesBuildPhase section */

/* Begin PBXShellScriptBuildPhase section */
		3D289C982D26E1460042ACD7 /* Swiftlint */ = {
			isa = PBXShellScriptBuildPhase;
			buildActionMask = 2147483647;
			files = (
			);
			inputFileListPaths = (
			);
			inputPaths = (
			);
			name = Swiftlint;
			outputFileListPaths = (
			);
			outputPaths = (
			);
			runOnlyForDeploymentPostprocessing = 0;
			shellPath = /bin/sh;
			shellScript = "if test -d \"/opt/homebrew/bin/\"; then\n  PATH=\"/opt/homebrew/bin/:${PATH}\"\nfi\n\nif which swiftlint >/dev/null; then\n  swiftlint --config .swiftlint.yml\nelse\n  echo \"warning: SwiftLint not installed, download from https://github.com/realm/SwiftLint\"\nfi\n";
		};
/* End PBXShellScriptBuildPhase section */

/* Begin PBXSourcesBuildPhase section */
		3D5239A02D1F019400544DD4 /* Sources */ = {
			isa = PBXSourcesBuildPhase;
			buildActionMask = 2147483647;
			files = (
			);
			runOnlyForDeploymentPostprocessing = 0;
		};
		3D5239B22D1F019600544DD4 /* Sources */ = {
			isa = PBXSourcesBuildPhase;
			buildActionMask = 2147483647;
			files = (
			);
			runOnlyForDeploymentPostprocessing = 0;
		};
		3D5239BC2D1F019600544DD4 /* Sources */ = {
			isa = PBXSourcesBuildPhase;
			buildActionMask = 2147483647;
			files = (
			);
			runOnlyForDeploymentPostprocessing = 0;
		};
/* End PBXSourcesBuildPhase section */

/* Begin PBXTargetDependency section */
		3D5239B82D1F019600544DD4 /* PBXTargetDependency */ = {
			isa = PBXTargetDependency;
			target = 3D5239A32D1F019400544DD4 /* RickAndMorty */;
			targetProxy = 3D5239B72D1F019600544DD4 /* PBXContainerItemProxy */;
		};
		3D5239C22D1F019600544DD4 /* PBXTargetDependency */ = {
			isa = PBXTargetDependency;
			target = 3D5239A32D1F019400544DD4 /* RickAndMorty */;
			targetProxy = 3D5239C12D1F019600544DD4 /* PBXContainerItemProxy */;
		};
/* End PBXTargetDependency section */

/* Begin XCBuildConfiguration section */
		3D5239C82D1F019600544DD4 /* Debug */ = {
			isa = XCBuildConfiguration;
			buildSettings = {
				ALWAYS_SEARCH_USER_PATHS = NO;
				ASSETCATALOG_COMPILER_GENERATE_SWIFT_ASSET_SYMBOL_EXTENSIONS = YES;
				CLANG_ANALYZER_NONNULL = YES;
				CLANG_ANALYZER_NUMBER_OBJECT_CONVERSION = YES_AGGRESSIVE;
				CLANG_CXX_LANGUAGE_STANDARD = "gnu++20";
				CLANG_ENABLE_MODULES = YES;
				CLANG_ENABLE_OBJC_ARC = YES;
				CLANG_ENABLE_OBJC_WEAK = YES;
				CLANG_WARN_BLOCK_CAPTURE_AUTORELEASING = YES;
				CLANG_WARN_BOOL_CONVERSION = YES;
				CLANG_WARN_COMMA = YES;
				CLANG_WARN_CONSTANT_CONVERSION = YES;
				CLANG_WARN_DEPRECATED_OBJC_IMPLEMENTATIONS = YES;
				CLANG_WARN_DIRECT_OBJC_ISA_USAGE = YES_ERROR;
				CLANG_WARN_DOCUMENTATION_COMMENTS = YES;
				CLANG_WARN_EMPTY_BODY = YES;
				CLANG_WARN_ENUM_CONVERSION = YES;
				CLANG_WARN_INFINITE_RECURSION = YES;
				CLANG_WARN_INT_CONVERSION = YES;
				CLANG_WARN_NON_LITERAL_NULL_CONVERSION = YES;
				CLANG_WARN_OBJC_IMPLICIT_RETAIN_SELF = YES;
				CLANG_WARN_OBJC_LITERAL_CONVERSION = YES;
				CLANG_WARN_OBJC_ROOT_CLASS = YES_ERROR;
				CLANG_WARN_QUOTED_INCLUDE_IN_FRAMEWORK_HEADER = YES;
				CLANG_WARN_RANGE_LOOP_ANALYSIS = YES;
				CLANG_WARN_STRICT_PROTOTYPES = YES;
				CLANG_WARN_SUSPICIOUS_MOVE = YES;
				CLANG_WARN_UNGUARDED_AVAILABILITY = YES_AGGRESSIVE;
				CLANG_WARN_UNREACHABLE_CODE = YES;
				CLANG_WARN__DUPLICATE_METHOD_MATCH = YES;
				COPY_PHASE_STRIP = NO;
				DEBUG_INFORMATION_FORMAT = dwarf;
				ENABLE_STRICT_OBJC_MSGSEND = YES;
				ENABLE_TESTABILITY = YES;
				ENABLE_USER_SCRIPT_SANDBOXING = NO;
				GCC_C_LANGUAGE_STANDARD = gnu17;
				GCC_DYNAMIC_NO_PIC = NO;
				GCC_NO_COMMON_BLOCKS = YES;
				GCC_OPTIMIZATION_LEVEL = 0;
				GCC_PREPROCESSOR_DEFINITIONS = (
					"DEBUG=1",
					"$(inherited)",
				);
				GCC_WARN_64_TO_32_BIT_CONVERSION = YES;
				GCC_WARN_ABOUT_RETURN_TYPE = YES_ERROR;
				GCC_WARN_UNDECLARED_SELECTOR = YES;
				GCC_WARN_UNINITIALIZED_AUTOS = YES_AGGRESSIVE;
				GCC_WARN_UNUSED_FUNCTION = YES;
				GCC_WARN_UNUSED_VARIABLE = YES;
				IPHONEOS_DEPLOYMENT_TARGET = 18.2;
				LOCALIZATION_PREFERS_STRING_CATALOGS = YES;
				MTL_ENABLE_DEBUG_INFO = INCLUDE_SOURCE;
				MTL_FAST_MATH = YES;
				ONLY_ACTIVE_ARCH = YES;
				SDKROOT = iphoneos;
				SWIFT_ACTIVE_COMPILATION_CONDITIONS = "DEBUG $(inherited)";
				SWIFT_OPTIMIZATION_LEVEL = "-Onone";
			};
			name = Debug;
		};
		3D5239C92D1F019600544DD4 /* Release */ = {
			isa = XCBuildConfiguration;
			buildSettings = {
				ALWAYS_SEARCH_USER_PATHS = NO;
				ASSETCATALOG_COMPILER_GENERATE_SWIFT_ASSET_SYMBOL_EXTENSIONS = YES;
				CLANG_ANALYZER_NONNULL = YES;
				CLANG_ANALYZER_NUMBER_OBJECT_CONVERSION = YES_AGGRESSIVE;
				CLANG_CXX_LANGUAGE_STANDARD = "gnu++20";
				CLANG_ENABLE_MODULES = YES;
				CLANG_ENABLE_OBJC_ARC = YES;
				CLANG_ENABLE_OBJC_WEAK = YES;
				CLANG_WARN_BLOCK_CAPTURE_AUTORELEASING = YES;
				CLANG_WARN_BOOL_CONVERSION = YES;
				CLANG_WARN_COMMA = YES;
				CLANG_WARN_CONSTANT_CONVERSION = YES;
				CLANG_WARN_DEPRECATED_OBJC_IMPLEMENTATIONS = YES;
				CLANG_WARN_DIRECT_OBJC_ISA_USAGE = YES_ERROR;
				CLANG_WARN_DOCUMENTATION_COMMENTS = YES;
				CLANG_WARN_EMPTY_BODY = YES;
				CLANG_WARN_ENUM_CONVERSION = YES;
				CLANG_WARN_INFINITE_RECURSION = YES;
				CLANG_WARN_INT_CONVERSION = YES;
				CLANG_WARN_NON_LITERAL_NULL_CONVERSION = YES;
				CLANG_WARN_OBJC_IMPLICIT_RETAIN_SELF = YES;
				CLANG_WARN_OBJC_LITERAL_CONVERSION = YES;
				CLANG_WARN_OBJC_ROOT_CLASS = YES_ERROR;
				CLANG_WARN_QUOTED_INCLUDE_IN_FRAMEWORK_HEADER = YES;
				CLANG_WARN_RANGE_LOOP_ANALYSIS = YES;
				CLANG_WARN_STRICT_PROTOTYPES = YES;
				CLANG_WARN_SUSPICIOUS_MOVE = YES;
				CLANG_WARN_UNGUARDED_AVAILABILITY = YES_AGGRESSIVE;
				CLANG_WARN_UNREACHABLE_CODE = YES;
				CLANG_WARN__DUPLICATE_METHOD_MATCH = YES;
				COPY_PHASE_STRIP = NO;
				DEBUG_INFORMATION_FORMAT = "dwarf-with-dsym";
				ENABLE_NS_ASSERTIONS = NO;
				ENABLE_STRICT_OBJC_MSGSEND = YES;
				ENABLE_USER_SCRIPT_SANDBOXING = NO;
				GCC_C_LANGUAGE_STANDARD = gnu17;
				GCC_NO_COMMON_BLOCKS = YES;
				GCC_WARN_64_TO_32_BIT_CONVERSION = YES;
				GCC_WARN_ABOUT_RETURN_TYPE = YES_ERROR;
				GCC_WARN_UNDECLARED_SELECTOR = YES;
				GCC_WARN_UNINITIALIZED_AUTOS = YES_AGGRESSIVE;
				GCC_WARN_UNUSED_FUNCTION = YES;
				GCC_WARN_UNUSED_VARIABLE = YES;
				IPHONEOS_DEPLOYMENT_TARGET = 18.2;
				LOCALIZATION_PREFERS_STRING_CATALOGS = YES;
				MTL_ENABLE_DEBUG_INFO = NO;
				MTL_FAST_MATH = YES;
				SDKROOT = iphoneos;
				SWIFT_COMPILATION_MODE = wholemodule;
				VALIDATE_PRODUCT = YES;
			};
			name = Release;
		};
		3D5239CB2D1F019600544DD4 /* Debug */ = {
			isa = XCBuildConfiguration;
			buildSettings = {
				ASSETCATALOG_COMPILER_APPICON_NAME = AppIcon;
				ASSETCATALOG_COMPILER_GLOBAL_ACCENT_COLOR_NAME = AccentColor;
				CODE_SIGN_STYLE = Automatic;
				CURRENT_PROJECT_VERSION = 1;
				DEVELOPMENT_ASSET_PATHS = "\"RickAndMorty/Preview Content\"";
				DEVELOPMENT_TEAM = 9Q6922742Y;
				ENABLE_PREVIEWS = YES;
				GENERATE_INFOPLIST_FILE = YES;
				INFOPLIST_KEY_CFBundleDisplayName = "Rick & Morty";
				INFOPLIST_KEY_LSApplicationCategoryType = "public.app-category.utilities";
				INFOPLIST_KEY_UIApplicationSceneManifest_Generation = YES;
				INFOPLIST_KEY_UIApplicationSupportsIndirectInputEvents = YES;
				INFOPLIST_KEY_UILaunchScreen_Generation = YES;
				INFOPLIST_KEY_UISupportedInterfaceOrientations_iPad = "UIInterfaceOrientationPortrait UIInterfaceOrientationPortraitUpsideDown UIInterfaceOrientationLandscapeLeft UIInterfaceOrientationLandscapeRight";
				INFOPLIST_KEY_UISupportedInterfaceOrientations_iPhone = "UIInterfaceOrientationPortrait UIInterfaceOrientationLandscapeLeft UIInterfaceOrientationLandscapeRight";
				IPHONEOS_DEPLOYMENT_TARGET = 17.6;
				LD_RUNPATH_SEARCH_PATHS = (
					"$(inherited)",
					"@executable_path/Frameworks",
				);
				MARKETING_VERSION = 1.0;
				PRODUCT_BUNDLE_IDENTIFIER = sk.jantimar.RickAndMorty;
				PRODUCT_NAME = "$(TARGET_NAME)";
				SWIFT_EMIT_LOC_STRINGS = YES;
				SWIFT_VERSION = 5.0;
				TARGETED_DEVICE_FAMILY = "1,2";
			};
			name = Debug;
		};
		3D5239CC2D1F019600544DD4 /* Release */ = {
			isa = XCBuildConfiguration;
			buildSettings = {
				ASSETCATALOG_COMPILER_APPICON_NAME = AppIcon;
				ASSETCATALOG_COMPILER_GLOBAL_ACCENT_COLOR_NAME = AccentColor;
				CODE_SIGN_STYLE = Automatic;
				CURRENT_PROJECT_VERSION = 1;
				DEVELOPMENT_ASSET_PATHS = "\"RickAndMorty/Preview Content\"";
				DEVELOPMENT_TEAM = 9Q6922742Y;
				ENABLE_PREVIEWS = YES;
				GENERATE_INFOPLIST_FILE = YES;
				INFOPLIST_KEY_CFBundleDisplayName = "Rick & Morty";
				INFOPLIST_KEY_LSApplicationCategoryType = "public.app-category.utilities";
				INFOPLIST_KEY_UIApplicationSceneManifest_Generation = YES;
				INFOPLIST_KEY_UIApplicationSupportsIndirectInputEvents = YES;
				INFOPLIST_KEY_UILaunchScreen_Generation = YES;
				INFOPLIST_KEY_UISupportedInterfaceOrientations_iPad = "UIInterfaceOrientationPortrait UIInterfaceOrientationPortraitUpsideDown UIInterfaceOrientationLandscapeLeft UIInterfaceOrientationLandscapeRight";
				INFOPLIST_KEY_UISupportedInterfaceOrientations_iPhone = "UIInterfaceOrientationPortrait UIInterfaceOrientationLandscapeLeft UIInterfaceOrientationLandscapeRight";
				IPHONEOS_DEPLOYMENT_TARGET = 17.6;
				LD_RUNPATH_SEARCH_PATHS = (
					"$(inherited)",
					"@executable_path/Frameworks",
				);
				MARKETING_VERSION = 1.0;
				PRODUCT_BUNDLE_IDENTIFIER = sk.jantimar.RickAndMorty;
				PRODUCT_NAME = "$(TARGET_NAME)";
				SWIFT_EMIT_LOC_STRINGS = YES;
				SWIFT_VERSION = 5.0;
				TARGETED_DEVICE_FAMILY = "1,2";
			};
			name = Release;
		};
		3D5239CE2D1F019600544DD4 /* Debug */ = {
			isa = XCBuildConfiguration;
			buildSettings = {
				BUNDLE_LOADER = "$(TEST_HOST)";
				CODE_SIGN_STYLE = Automatic;
				CURRENT_PROJECT_VERSION = 1;
				DEVELOPMENT_TEAM = 9Q6922742Y;
				GENERATE_INFOPLIST_FILE = YES;
				IPHONEOS_DEPLOYMENT_TARGET = 18.2;
				MARKETING_VERSION = 1.0;
				PRODUCT_BUNDLE_IDENTIFIER = sk.jantimar.RickAndMortyTests;
				PRODUCT_NAME = "$(TARGET_NAME)";
				SWIFT_EMIT_LOC_STRINGS = NO;
				SWIFT_VERSION = 5.0;
				TARGETED_DEVICE_FAMILY = "1,2";
				TEST_HOST = "$(BUILT_PRODUCTS_DIR)/RickAndMorty.app/$(BUNDLE_EXECUTABLE_FOLDER_PATH)/RickAndMorty";
			};
			name = Debug;
		};
		3D5239CF2D1F019600544DD4 /* Release */ = {
			isa = XCBuildConfiguration;
			buildSettings = {
				BUNDLE_LOADER = "$(TEST_HOST)";
				CODE_SIGN_STYLE = Automatic;
				CURRENT_PROJECT_VERSION = 1;
				DEVELOPMENT_TEAM = 9Q6922742Y;
				GENERATE_INFOPLIST_FILE = YES;
				IPHONEOS_DEPLOYMENT_TARGET = 18.2;
				MARKETING_VERSION = 1.0;
				PRODUCT_BUNDLE_IDENTIFIER = sk.jantimar.RickAndMortyTests;
				PRODUCT_NAME = "$(TARGET_NAME)";
				SWIFT_EMIT_LOC_STRINGS = NO;
				SWIFT_VERSION = 5.0;
				TARGETED_DEVICE_FAMILY = "1,2";
				TEST_HOST = "$(BUILT_PRODUCTS_DIR)/RickAndMorty.app/$(BUNDLE_EXECUTABLE_FOLDER_PATH)/RickAndMorty";
			};
			name = Release;
		};
		3D5239D12D1F019600544DD4 /* Debug */ = {
			isa = XCBuildConfiguration;
			buildSettings = {
				CODE_SIGN_STYLE = Automatic;
				CURRENT_PROJECT_VERSION = 1;
				DEVELOPMENT_TEAM = 9Q6922742Y;
				GENERATE_INFOPLIST_FILE = YES;
				MARKETING_VERSION = 1.0;
				PRODUCT_BUNDLE_IDENTIFIER = sk.jantimar.RickAndMortyUITests;
				PRODUCT_NAME = "$(TARGET_NAME)";
				SWIFT_EMIT_LOC_STRINGS = NO;
				SWIFT_VERSION = 5.0;
				TARGETED_DEVICE_FAMILY = "1,2";
				TEST_TARGET_NAME = RickAndMorty;
			};
			name = Debug;
		};
		3D5239D22D1F019600544DD4 /* Release */ = {
			isa = XCBuildConfiguration;
			buildSettings = {
				CODE_SIGN_STYLE = Automatic;
				CURRENT_PROJECT_VERSION = 1;
				DEVELOPMENT_TEAM = 9Q6922742Y;
				GENERATE_INFOPLIST_FILE = YES;
				MARKETING_VERSION = 1.0;
				PRODUCT_BUNDLE_IDENTIFIER = sk.jantimar.RickAndMortyUITests;
				PRODUCT_NAME = "$(TARGET_NAME)";
				SWIFT_EMIT_LOC_STRINGS = NO;
				SWIFT_VERSION = 5.0;
				TARGETED_DEVICE_FAMILY = "1,2";
				TEST_TARGET_NAME = RickAndMorty;
			};
			name = Release;
		};
/* End XCBuildConfiguration section */

/* Begin XCConfigurationList section */
		3D52399F2D1F019400544DD4 /* Build configuration list for PBXProject "RickAndMorty" */ = {
			isa = XCConfigurationList;
			buildConfigurations = (
				3D5239C82D1F019600544DD4 /* Debug */,
				3D5239C92D1F019600544DD4 /* Release */,
			);
			defaultConfigurationIsVisible = 0;
			defaultConfigurationName = Release;
		};
		3D5239CA2D1F019600544DD4 /* Build configuration list for PBXNativeTarget "RickAndMorty" */ = {
			isa = XCConfigurationList;
			buildConfigurations = (
				3D5239CB2D1F019600544DD4 /* Debug */,
				3D5239CC2D1F019600544DD4 /* Release */,
			);
			defaultConfigurationIsVisible = 0;
			defaultConfigurationName = Release;
		};
		3D5239CD2D1F019600544DD4 /* Build configuration list for PBXNativeTarget "RickAndMortyTests" */ = {
			isa = XCConfigurationList;
			buildConfigurations = (
				3D5239CE2D1F019600544DD4 /* Debug */,
				3D5239CF2D1F019600544DD4 /* Release */,
			);
			defaultConfigurationIsVisible = 0;
			defaultConfigurationName = Release;
		};
		3D5239D02D1F019600544DD4 /* Build configuration list for PBXNativeTarget "RickAndMortyUITests" */ = {
			isa = XCConfigurationList;
			buildConfigurations = (
				3D5239D12D1F019600544DD4 /* Debug */,
				3D5239D22D1F019600544DD4 /* Release */,
			);
			defaultConfigurationIsVisible = 0;
			defaultConfigurationName = Release;
		};
/* End XCConfigurationList section */

/* Begin XCSwiftPackageProductDependency section */
		3D07864E2D26FDB700FD7BAA /* APIService */ = {
			isa = XCSwiftPackageProductDependency;
			productName = APIService;
		};
		3D289C952D26CAC40042ACD7 /* Locs */ = {
			isa = XCSwiftPackageProductDependency;
			productName = Locs;
		};
		3D9103A42D201A8B009A3EE2 /* Style */ = {
			isa = XCSwiftPackageProductDependency;
			productName = Style;
		};
		3D9103A62D209808009A3EE2 /* Organisms */ = {
			isa = XCSwiftPackageProductDependency;
			productName = Organisms;
		};
		3D9103A82D20981A009A3EE2 /* Atoms */ = {
			isa = XCSwiftPackageProductDependency;
			productName = Atoms;
		};
		3D9103AA2D21A13B009A3EE2 /* Molecules */ = {
			isa = XCSwiftPackageProductDependency;
			productName = Molecules;
		};
		3D9103AC2D21A140009A3EE2 /* Templates */ = {
			isa = XCSwiftPackageProductDependency;
			productName = Templates;
		};
		3DAF9AD62D23DC3D00D5651A /* RickAndMortyAPIService */ = {
			isa = XCSwiftPackageProductDependency;
			productName = RickAndMortyAPIService;
		};
		3DAF9AF52D25EF4900D5651A /* DatabaseService */ = {
			isa = XCSwiftPackageProductDependency;
			productName = DatabaseService;
		};
/* End XCSwiftPackageProductDependency section */
	};
	rootObject = 3D52399C2D1F019400544DD4 /* Project object */;
}
